// !$*UTF8*$!
{
	archiveVersion = 1;
	classes = {
	};
	objectVersion = 46;
	objects = {

/* Begin PBXBuildFile section */
		031D88D818BE5B2B0001686A /* GameModel.cpp in Sources */ = {isa = PBXBuildFile; fileRef = 031D88D618BE5B2B0001686A /* GameModel.cpp */; };
		031D88DB18BE5B670001686A /* GameView.cpp in Sources */ = {isa = PBXBuildFile; fileRef = 031D88D918BE5B670001686A /* GameView.cpp */; };
		031E007818B52B360045013D /* Bomb.cpp in Sources */ = {isa = PBXBuildFile; fileRef = 031E007618B52B360045013D /* Bomb.cpp */; };
		033D7D8518C8C6C400BA0091 /* LanguageMessage.cpp in Sources */ = {isa = PBXBuildFile; fileRef = 033D7D8318C8C6C400BA0091 /* LanguageMessage.cpp */; };
		0377340E18B9FFBC00D5AFA0 /* EmptyCell.cpp in Sources */ = {isa = PBXBuildFile; fileRef = 0377340C18B9FFBC00D5AFA0 /* EmptyCell.cpp */; };
		0377341118B9FFCA00D5AFA0 /* GoldCell.cpp in Sources */ = {isa = PBXBuildFile; fileRef = 0377340F18B9FFCA00D5AFA0 /* GoldCell.cpp */; };
		0377341418B9FFDF00D5AFA0 /* ValueCell.cpp in Sources */ = {isa = PBXBuildFile; fileRef = 0377341218B9FFDF00D5AFA0 /* ValueCell.cpp */; };
		03A0EFC018C5D0B900F57E1A /* bestScores.txt in Resources */ = {isa = PBXBuildFile; fileRef = 03A0EFBF18C5D0B900F57E1A /* bestScores.txt */; };
		03ED314A18B385BA00CF8AA1 /* CellBase.cpp in Sources */ = {isa = PBXBuildFile; fileRef = 03ED313D18B385BA00CF8AA1 /* CellBase.cpp */; };
		03ED314B18B385BA00CF8AA1 /* Digger.cpp in Sources */ = {isa = PBXBuildFile; fileRef = 03ED314018B385BA00CF8AA1 /* Digger.cpp */; };
		03ED314E18B385BA00CF8AA1 /* Level.cpp in Sources */ = {isa = PBXBuildFile; fileRef = 03ED314618B385BA00CF8AA1 /* Level.cpp */; };
		03ED314F18B385BA00CF8AA1 /* Score.cpp in Sources */ = {isa = PBXBuildFile; fileRef = 03ED314818B385BA00CF8AA1 /* Score.cpp */; };
		936727F818B33B91009873DE /* main.cpp in Sources */ = {isa = PBXBuildFile; fileRef = 936727F618B33B91009873DE /* main.cpp */; };
		9367280418B35E81009873DE /* sfml-audio.framework in Frameworks */ = {isa = PBXBuildFile; fileRef = 936727FF18B35E81009873DE /* sfml-audio.framework */; };
		9367280518B35E81009873DE /* sfml-graphics.framework in Frameworks */ = {isa = PBXBuildFile; fileRef = 9367280018B35E81009873DE /* sfml-graphics.framework */; };
		9367280618B35E81009873DE /* sfml-system.framework in Frameworks */ = {isa = PBXBuildFile; fileRef = 9367280118B35E81009873DE /* sfml-system.framework */; };
		9367280718B35E81009873DE /* sfml-window.framework in Frameworks */ = {isa = PBXBuildFile; fileRef = 9367280218B35E81009873DE /* sfml-window.framework */; };
		9367280818B35E81009873DE /* SFML.framework in Frameworks */ = {isa = PBXBuildFile; fileRef = 9367280318B35E81009873DE /* SFML.framework */; };
		9367280918B35E8B009873DE /* sfml-audio.framework in CopyFiles */ = {isa = PBXBuildFile; fileRef = 936727FF18B35E81009873DE /* sfml-audio.framework */; };
		9367280A18B35E8B009873DE /* sfml-graphics.framework in CopyFiles */ = {isa = PBXBuildFile; fileRef = 9367280018B35E81009873DE /* sfml-graphics.framework */; };
		9367280B18B35E8B009873DE /* sfml-system.framework in CopyFiles */ = {isa = PBXBuildFile; fileRef = 9367280118B35E81009873DE /* sfml-system.framework */; };
		9367280C18B35E8B009873DE /* sfml-window.framework in CopyFiles */ = {isa = PBXBuildFile; fileRef = 9367280218B35E81009873DE /* sfml-window.framework */; };
		9367280D18B35E8B009873DE /* SFML.framework in CopyFiles */ = {isa = PBXBuildFile; fileRef = 9367280318B35E81009873DE /* SFML.framework */; };
/* End PBXBuildFile section */

/* Begin PBXCopyFilesBuildPhase section */
		936727F918B33C8E009873DE /* CopyFiles */ = {
			isa = PBXCopyFilesBuildPhase;
			buildActionMask = 2147483647;
			dstPath = "";
			dstSubfolderSpec = 10;
			files = (
				9367280918B35E8B009873DE /* sfml-audio.framework in CopyFiles */,
				9367280A18B35E8B009873DE /* sfml-graphics.framework in CopyFiles */,
				9367280B18B35E8B009873DE /* sfml-system.framework in CopyFiles */,
				9367280C18B35E8B009873DE /* sfml-window.framework in CopyFiles */,
				9367280D18B35E8B009873DE /* SFML.framework in CopyFiles */,
			);
			runOnlyForDeploymentPostprocessing = 0;
		};
/* End PBXCopyFilesBuildPhase section */

/* Begin PBXFileReference section */
		031D88D618BE5B2B0001686A /* GameModel.cpp */ = {isa = PBXFileReference; fileEncoding = 4; lastKnownFileType = sourcecode.cpp.cpp; path = GameModel.cpp; sourceTree = SOURCE_ROOT; };
		031D88D718BE5B2B0001686A /* GameModel.h */ = {isa = PBXFileReference; fileEncoding = 4; lastKnownFileType = sourcecode.c.h; path = GameModel.h; sourceTree = SOURCE_ROOT; };
		031D88D918BE5B670001686A /* GameView.cpp */ = {isa = PBXFileReference; fileEncoding = 4; lastKnownFileType = sourcecode.cpp.cpp; path = GameView.cpp; sourceTree = SOURCE_ROOT; };
		031D88DA18BE5B670001686A /* GameView.h */ = {isa = PBXFileReference; fileEncoding = 4; lastKnownFileType = sourcecode.c.h; path = GameView.h; sourceTree = SOURCE_ROOT; };
		031E007618B52B360045013D /* Bomb.cpp */ = {isa = PBXFileReference; fileEncoding = 4; lastKnownFileType = sourcecode.cpp.cpp; path = Bomb.cpp; sourceTree = SOURCE_ROOT; };
		031E007718B52B360045013D /* Bomb.h */ = {isa = PBXFileReference; fileEncoding = 4; lastKnownFileType = sourcecode.c.h; path = Bomb.h; sourceTree = SOURCE_ROOT; };
		0328235818C5FBAF006F43CC /* IntDecFunctor.h */ = {isa = PBXFileReference; fileEncoding = 4; lastKnownFileType = sourcecode.c.h; path = IntDecFunctor.h; sourceTree = SOURCE_ROOT; };
		033D7D8318C8C6C400BA0091 /* LanguageMessage.cpp */ = {isa = PBXFileReference; fileEncoding = 4; lastKnownFileType = sourcecode.cpp.cpp; path = LanguageMessage.cpp; sourceTree = SOURCE_ROOT; };
		033D7D8418C8C6C400BA0091 /* LanguageMessage.h */ = {isa = PBXFileReference; fileEncoding = 4; lastKnownFileType = sourcecode.c.h; path = LanguageMessage.h; sourceTree = SOURCE_ROOT; };
		0377340C18B9FFBC00D5AFA0 /* EmptyCell.cpp */ = {isa = PBXFileReference; fileEncoding = 4; lastKnownFileType = sourcecode.cpp.cpp; path = EmptyCell.cpp; sourceTree = SOURCE_ROOT; };
		0377340D18B9FFBC00D5AFA0 /* EmptyCell.h */ = {isa = PBXFileReference; fileEncoding = 4; lastKnownFileType = sourcecode.c.h; path = EmptyCell.h; sourceTree = SOURCE_ROOT; };
		0377340F18B9FFCA00D5AFA0 /* GoldCell.cpp */ = {isa = PBXFileReference; fileEncoding = 4; lastKnownFileType = sourcecode.cpp.cpp; path = GoldCell.cpp; sourceTree = SOURCE_ROOT; };
		0377341018B9FFCA00D5AFA0 /* GoldCell.h */ = {isa = PBXFileReference; fileEncoding = 4; lastKnownFileType = sourcecode.c.h; path = GoldCell.h; sourceTree = SOURCE_ROOT; };
		0377341218B9FFDF00D5AFA0 /* ValueCell.cpp */ = {isa = PBXFileReference; fileEncoding = 4; lastKnownFileType = sourcecode.cpp.cpp; path = ValueCell.cpp; sourceTree = SOURCE_ROOT; };
		0377341318B9FFDF00D5AFA0 /* ValueCell.h */ = {isa = PBXFileReference; fileEncoding = 4; lastKnownFileType = sourcecode.c.h; path = ValueCell.h; sourceTree = SOURCE_ROOT; };
		03A0EFBF18C5D0B900F57E1A /* bestScores.txt */ = {isa = PBXFileReference; fileEncoding = 4; lastKnownFileType = text; path = bestScores.txt; sourceTree = SOURCE_ROOT; };
		03ED313D18B385BA00CF8AA1 /* CellBase.cpp */ = {isa = PBXFileReference; fileEncoding = 4; lastKnownFileType = sourcecode.cpp.cpp; path = CellBase.cpp; sourceTree = SOURCE_ROOT; };
		03ED313E18B385BA00CF8AA1 /* CellBase.h */ = {isa = PBXFileReference; fileEncoding = 4; lastKnownFileType = sourcecode.c.h; path = CellBase.h; sourceTree = SOURCE_ROOT; };
		03ED313F18B385BA00CF8AA1 /* Constantes.h */ = {isa = PBXFileReference; fileEncoding = 4; lastKnownFileType = sourcecode.c.h; path = Constantes.h; sourceTree = SOURCE_ROOT; };
		03ED314018B385BA00CF8AA1 /* Digger.cpp */ = {isa = PBXFileReference; fileEncoding = 4; lastKnownFileType = sourcecode.cpp.cpp; path = Digger.cpp; sourceTree = SOURCE_ROOT; };
		03ED314118B385BA00CF8AA1 /* Digger.h */ = {isa = PBXFileReference; fileEncoding = 4; lastKnownFileType = sourcecode.c.h; path = Digger.h; sourceTree = SOURCE_ROOT; };
		03ED314618B385BA00CF8AA1 /* Level.cpp */ = {isa = PBXFileReference; fileEncoding = 4; lastKnownFileType = sourcecode.cpp.cpp; path = Level.cpp; sourceTree = SOURCE_ROOT; };
		03ED314718B385BA00CF8AA1 /* Level.h */ = {isa = PBXFileReference; fileEncoding = 4; lastKnownFileType = sourcecode.c.h; path = Level.h; sourceTree = SOURCE_ROOT; };
		03ED314818B385BA00CF8AA1 /* Score.cpp */ = {isa = PBXFileReference; fileEncoding = 4; lastKnownFileType = sourcecode.cpp.cpp; path = Score.cpp; sourceTree = SOURCE_ROOT; };
		03ED314918B385BA00CF8AA1 /* Score.h */ = {isa = PBXFileReference; fileEncoding = 4; lastKnownFileType = sourcecode.c.h; path = Score.h; sourceTree = SOURCE_ROOT; };
		936727B518B33A9C009873DE /* PuruPuruDigger.app */ = {isa = PBXFileReference; explicitFileType = wrapper.application; includeInIndex = 0; path = PuruPuruDigger.app; sourceTree = BUILT_PRODUCTS_DIR; };
		936727F618B33B91009873DE /* main.cpp */ = {isa = PBXFileReference; fileEncoding = 4; lastKnownFileType = sourcecode.cpp.cpp; path = main.cpp; sourceTree = SOURCE_ROOT; };
		936727FF18B35E81009873DE /* sfml-audio.framework */ = {isa = PBXFileReference; lastKnownFileType = wrapper.framework; name = "sfml-audio.framework"; path = "/Library/Frameworks/sfml-audio.framework"; sourceTree = "<absolute>"; };
		9367280018B35E81009873DE /* sfml-graphics.framework */ = {isa = PBXFileReference; lastKnownFileType = wrapper.framework; name = "sfml-graphics.framework"; path = "/Library/Frameworks/sfml-graphics.framework"; sourceTree = "<absolute>"; };
		9367280118B35E81009873DE /* sfml-system.framework */ = {isa = PBXFileReference; lastKnownFileType = wrapper.framework; name = "sfml-system.framework"; path = "/Library/Frameworks/sfml-system.framework"; sourceTree = "<absolute>"; };
		9367280218B35E81009873DE /* sfml-window.framework */ = {isa = PBXFileReference; lastKnownFileType = wrapper.framework; name = "sfml-window.framework"; path = "/Library/Frameworks/sfml-window.framework"; sourceTree = "<absolute>"; };
		9367280318B35E81009873DE /* SFML.framework */ = {isa = PBXFileReference; lastKnownFileType = wrapper.framework; name = SFML.framework; path = /Library/Frameworks/SFML.framework; sourceTree = "<absolute>"; };
/* End PBXFileReference section */

/* Begin PBXFrameworksBuildPhase section */
		936727B218B33A9C009873DE /* Frameworks */ = {
			isa = PBXFrameworksBuildPhase;
			buildActionMask = 2147483647;
			files = (
				9367280718B35E81009873DE /* sfml-window.framework in Frameworks */,
				9367280618B35E81009873DE /* sfml-system.framework in Frameworks */,
				9367280418B35E81009873DE /* sfml-audio.framework in Frameworks */,
				9367280818B35E81009873DE /* SFML.framework in Frameworks */,
				9367280518B35E81009873DE /* sfml-graphics.framework in Frameworks */,
			);
			runOnlyForDeploymentPostprocessing = 0;
		};
/* End PBXFrameworksBuildPhase section */

/* Begin PBXGroup section */
		936727AC18B33A9C009873DE = {
			isa = PBXGroup;
			children = (
				936727BE18B33A9C009873DE /* PuruPuruDigger */,
				936727B718B33A9C009873DE /* Frameworks */,
				936727B618B33A9C009873DE /* Products */,
			);
			sourceTree = "<group>";
		};
		936727B618B33A9C009873DE /* Products */ = {
			isa = PBXGroup;
			children = (
				936727B518B33A9C009873DE /* PuruPuruDigger.app */,
			);
			name = Products;
			sourceTree = "<group>";
		};
		936727B718B33A9C009873DE /* Frameworks */ = {
			isa = PBXGroup;
			children = (
				936727FF18B35E81009873DE /* sfml-audio.framework */,
				9367280018B35E81009873DE /* sfml-graphics.framework */,
				9367280118B35E81009873DE /* sfml-system.framework */,
				9367280218B35E81009873DE /* sfml-window.framework */,
				9367280318B35E81009873DE /* SFML.framework */,
			);
			name = Frameworks;
			sourceTree = "<group>";
		};
		936727BE18B33A9C009873DE /* PuruPuruDigger */ = {
			isa = PBXGroup;
			children = (
				03A0EFBF18C5D0B900F57E1A /* bestScores.txt */,
				03ED313F18B385BA00CF8AA1 /* Constantes.h */,
				031D88D618BE5B2B0001686A /* GameModel.cpp */,
				031D88D718BE5B2B0001686A /* GameModel.h */,
				031D88D918BE5B670001686A /* GameView.cpp */,
				031D88DA18BE5B670001686A /* GameView.h */,
				03ED314618B385BA00CF8AA1 /* Level.cpp */,
				03ED314718B385BA00CF8AA1 /* Level.h */,
				03ED314818B385BA00CF8AA1 /* Score.cpp */,
				03ED314918B385BA00CF8AA1 /* Score.h */,
				03ED313D18B385BA00CF8AA1 /* CellBase.cpp */,
				03ED313E18B385BA00CF8AA1 /* CellBase.h */,
				031E007618B52B360045013D /* Bomb.cpp */,
				031E007718B52B360045013D /* Bomb.h */,
				0377340C18B9FFBC00D5AFA0 /* EmptyCell.cpp */,
				0377340D18B9FFBC00D5AFA0 /* EmptyCell.h */,
				0377340F18B9FFCA00D5AFA0 /* GoldCell.cpp */,
				0377341018B9FFCA00D5AFA0 /* GoldCell.h */,
				0377341218B9FFDF00D5AFA0 /* ValueCell.cpp */,
				0377341318B9FFDF00D5AFA0 /* ValueCell.h */,
				03ED314018B385BA00CF8AA1 /* Digger.cpp */,
				03ED314118B385BA00CF8AA1 /* Digger.h */,
				936727F618B33B91009873DE /* main.cpp */,
				0328235818C5FBAF006F43CC /* IntDecFunctor.h */,
				033D7D8318C8C6C400BA0091 /* LanguageMessage.cpp */,
				033D7D8418C8C6C400BA0091 /* LanguageMessage.h */,
			);
			path = PuruPuruDigger;
			sourceTree = "<group>";
		};
/* End PBXGroup section */

/* Begin PBXNativeTarget section */
		936727B418B33A9C009873DE /* PuruPuruDigger */ = {
			isa = PBXNativeTarget;
			buildConfigurationList = 936727E618B33A9D009873DE /* Build configuration list for PBXNativeTarget "PuruPuruDigger" */;
			buildPhases = (
				936727B118B33A9C009873DE /* Sources */,
				936727B218B33A9C009873DE /* Frameworks */,
				936727B318B33A9C009873DE /* Resources */,
				936727F918B33C8E009873DE /* CopyFiles */,
			);
			buildRules = (
			);
			dependencies = (
			);
			name = PuruPuruDigger;
			productName = PuruPuruDigger;
			productReference = 936727B518B33A9C009873DE /* PuruPuruDigger.app */;
			productType = "com.apple.product-type.application";
		};
/* End PBXNativeTarget section */

/* Begin PBXProject section */
		936727AD18B33A9C009873DE /* Project object */ = {
			isa = PBXProject;
			attributes = {
				LastUpgradeCheck = 0500;
				ORGANIZATIONNAME = "";
			};
			buildConfigurationList = 936727B018B33A9C009873DE /* Build configuration list for PBXProject "PuruPuruDigger" */;
			compatibilityVersion = "Xcode 3.2";
			developmentRegion = English;
			hasScannedForEncodings = 0;
			knownRegions = (
				en,
				Base,
			);
			mainGroup = 936727AC18B33A9C009873DE;
			productRefGroup = 936727B618B33A9C009873DE /* Products */;
			projectDirPath = "";
			projectRoot = "";
			targets = (
				936727B418B33A9C009873DE /* PuruPuruDigger */,
			);
		};
/* End PBXProject section */

/* Begin PBXResourcesBuildPhase section */
		936727B318B33A9C009873DE /* Resources */ = {
			isa = PBXResourcesBuildPhase;
			buildActionMask = 2147483647;
			files = (
				03A0EFC018C5D0B900F57E1A /* bestScores.txt in Resources */,
			);
			runOnlyForDeploymentPostprocessing = 0;
		};
/* End PBXResourcesBuildPhase section */

/* Begin PBXSourcesBuildPhase section */
		936727B118B33A9C009873DE /* Sources */ = {
			isa = PBXSourcesBuildPhase;
			buildActionMask = 2147483647;
			files = (
				0377341418B9FFDF00D5AFA0 /* ValueCell.cpp in Sources */,
				033D7D8518C8C6C400BA0091 /* LanguageMessage.cpp in Sources */,
				03ED314E18B385BA00CF8AA1 /* Level.cpp in Sources */,
				031E007818B52B360045013D /* Bomb.cpp in Sources */,
				03ED314B18B385BA00CF8AA1 /* Digger.cpp in Sources */,
				03ED314A18B385BA00CF8AA1 /* CellBase.cpp in Sources */,
				936727F818B33B91009873DE /* main.cpp in Sources */,
				0377340E18B9FFBC00D5AFA0 /* EmptyCell.cpp in Sources */,
				03ED314F18B385BA00CF8AA1 /* Score.cpp in Sources */,
				0377341118B9FFCA00D5AFA0 /* GoldCell.cpp in Sources */,
				031D88D818BE5B2B0001686A /* GameModel.cpp in Sources */,
				031D88DB18BE5B670001686A /* GameView.cpp in Sources */,
			);
			runOnlyForDeploymentPostprocessing = 0;
		};
/* End PBXSourcesBuildPhase section */

/* Begin XCBuildConfiguration section */
		936727E418B33A9D009873DE /* Debug */ = {
			isa = XCBuildConfiguration;
			buildSettings = {
				ALWAYS_SEARCH_USER_PATHS = NO;
				CLANG_CXX_LANGUAGE_STANDARD = "gnu++0x";
				CLANG_CXX_LIBRARY = "libc++";
				CLANG_ENABLE_OBJC_ARC = YES;
				CLANG_WARN_BOOL_CONVERSION = YES;
				CLANG_WARN_CONSTANT_CONVERSION = YES;
				CLANG_WARN_DIRECT_OBJC_ISA_USAGE = YES_ERROR;
				CLANG_WARN_EMPTY_BODY = YES;
				CLANG_WARN_ENUM_CONVERSION = YES;
				CLANG_WARN_INT_CONVERSION = YES;
				CLANG_WARN_OBJC_ROOT_CLASS = YES_ERROR;
				CLANG_WARN__DUPLICATE_METHOD_MATCH = YES;
				COPY_PHASE_STRIP = NO;
				GCC_C_LANGUAGE_STANDARD = gnu99;
				GCC_DYNAMIC_NO_PIC = NO;
				GCC_ENABLE_OBJC_EXCEPTIONS = YES;
				GCC_OPTIMIZATION_LEVEL = 0;
				GCC_PREPROCESSOR_DEFINITIONS = (
					"DEBUG=1",
					"$(inherited)",
				);
				GCC_SYMBOLS_PRIVATE_EXTERN = NO;
				GCC_WARN_64_TO_32_BIT_CONVERSION = YES;
				GCC_WARN_ABOUT_RETURN_TYPE = YES_ERROR;
				GCC_WARN_UNDECLARED_SELECTOR = YES;
				GCC_WARN_UNINITIALIZED_AUTOS = YES;
				GCC_WARN_UNUSED_FUNCTION = YES;
				GCC_WARN_UNUSED_VARIABLE = YES;
				MACOSX_DEPLOYMENT_TARGET = 10.9;
				ONLY_ACTIVE_ARCH = YES;
				SDKROOT = macosx;
			};
			name = Debug;
		};
		936727E518B33A9D009873DE /* Release */ = {
			isa = XCBuildConfiguration;
			buildSettings = {
				ALWAYS_SEARCH_USER_PATHS = NO;
				CLANG_CXX_LANGUAGE_STANDARD = "gnu++0x";
				CLANG_CXX_LIBRARY = "libc++";
				CLANG_ENABLE_OBJC_ARC = YES;
				CLANG_WARN_BOOL_CONVERSION = YES;
				CLANG_WARN_CONSTANT_CONVERSION = YES;
				CLANG_WARN_DIRECT_OBJC_ISA_USAGE = YES_ERROR;
				CLANG_WARN_EMPTY_BODY = YES;
				CLANG_WARN_ENUM_CONVERSION = YES;
				CLANG_WARN_INT_CONVERSION = YES;
				CLANG_WARN_OBJC_ROOT_CLASS = YES_ERROR;
				CLANG_WARN__DUPLICATE_METHOD_MATCH = YES;
				COPY_PHASE_STRIP = YES;
				DEBUG_INFORMATION_FORMAT = "dwarf-with-dsym";
				ENABLE_NS_ASSERTIONS = NO;
				GCC_C_LANGUAGE_STANDARD = gnu99;
				GCC_ENABLE_OBJC_EXCEPTIONS = YES;
				GCC_WARN_64_TO_32_BIT_CONVERSION = YES;
				GCC_WARN_ABOUT_RETURN_TYPE = YES_ERROR;
				GCC_WARN_UNDECLARED_SELECTOR = YES;
				GCC_WARN_UNINITIALIZED_AUTOS = YES;
				GCC_WARN_UNUSED_FUNCTION = YES;
				GCC_WARN_UNUSED_VARIABLE = YES;
				MACOSX_DEPLOYMENT_TARGET = 10.9;
				SDKROOT = macosx;
			};
			name = Release;
		};
		936727E718B33A9D009873DE /* Debug */ = {
			isa = XCBuildConfiguration;
			buildSettings = {
				ASSETCATALOG_COMPILER_APPICON_NAME = AppIcon;
				CLANG_CXX_LANGUAGE_STANDARD = "c++98";
				CLANG_CXX_LIBRARY = "libstdc++";
				COMBINE_HIDPI_IMAGES = YES;
				FRAMEWORK_SEARCH_PATHS = (
					"$(inherited)",
					"$(LOCAL_LIBRARY_DIR)/Frameworks",
				);
				PRODUCT_NAME = "$(TARGET_NAME)";
				WRAPPER_EXTENSION = app;
			};
			name = Debug;
		};
		936727E818B33A9D009873DE /* Release */ = {
			isa = XCBuildConfiguration;
			buildSettings = {
				ASSETCATALOG_COMPILER_APPICON_NAME = AppIcon;
				CLANG_CXX_LANGUAGE_STANDARD = "c++98";
				CLANG_CXX_LIBRARY = "libstdc++";
				COMBINE_HIDPI_IMAGES = YES;
				FRAMEWORK_SEARCH_PATHS = (
					"$(inherited)",
					"$(LOCAL_LIBRARY_DIR)/Frameworks",
				);
				PRODUCT_NAME = "$(TARGET_NAME)";
				WRAPPER_EXTENSION = app;
			};
			name = Release;
		};
/* End XCBuildConfiguration section */

/* Begin XCConfigurationList section */
		936727B018B33A9C009873DE /* Build configuration list for PBXProject "PuruPuruDigger" */ = {
			isa = XCConfigurationList;
			buildConfigurations = (
				936727E418B33A9D009873DE /* Debug */,
				936727E518B33A9D009873DE /* Release */,
			);
			defaultConfigurationIsVisible = 0;
			defaultConfigurationName = Release;
		};
		936727E618B33A9D009873DE /* Build configuration list for PBXNativeTarget "PuruPuruDigger" */ = {
			isa = XCConfigurationList;
			buildConfigurations = (
				936727E718B33A9D009873DE /* Debug */,
				936727E818B33A9D009873DE /* Release */,
			);
			defaultConfigurationIsVisible = 0;
			defaultConfigurationName = Release;
		};
/* End XCConfigurationList section */
	};
	rootObject = 936727AD18B33A9C009873DE /* Project object */;
}
