<?xml version="1.0" encoding="UTF-8" standalone="yes" ?>
<CodeBlocks_project_file>
	<FileVersion major="1" minor="6" />
	<Project>
		<Option title="PuruPuruDigger" />
		<Option pch_mode="2" />
		<Option compiler="gcc" />
		<Build>
			<Target title="Debug">
				<Option output="CodeBlocksCompilation/bin/Debug/PuruPuruDigger" prefix_auto="1" extension_auto="1" />
				<Option object_output="CodeBlocksCompilation/obj/Debug/" />
				<Option type="1" />
				<Option compiler="gcc" />
				<Compiler>
					<Add option="-g" />
				</Compiler>
				<Linker>
					<Add option="-lsfml-system" />
					<Add option="-lsfml-graphics" />
					<Add option="-lsfml-window" />
				</Linker>
			</Target>
			<Target title="Release">
				<Option output="CodeBlocksCompilation/bin/Release/PuruPuruDigger" prefix_auto="1" extension_auto="1" />
				<Option object_output="CodeBlocksCompilation/obj/Release/" />
				<Option type="1" />
				<Option compiler="gcc" />
				<Compiler>
					<Add option="-O2" />
				</Compiler>
				<Linker>
					<Add option="-s" />
					<Add option="-lsfml-system" />
					<Add option="-lsfml-graphics" />
					<Add option="-lsfml-window" />
				</Linker>
			</Target>
			<Target title="SFMLMode">
				<Option output="PuruPuruDigger" prefix_auto="1" extension_auto="1" />
				<Option type="0" />
				<Option compiler="gcc" />
				<Linker>
					<Add option="-lsfml-graphics" />
					<Add option="-lsfml-window" />
					<Add option="-lsfml-system" />
					<Add option="-lsfml-audio" />
				</Linker>
			</Target>
			<Target title="UnitTest">
				<Option output="PuruPuruDigger" prefix_auto="1" extension_auto="1" />
				<Option type="1" />
				<Option compiler="gcc" />
				<Linker>
					<Add library="boost_unit_test_framework" />
				</Linker>
			</Target>
		</Build>
		<Compiler>
			<Add option="-Wall" />
			<Add option="-fexceptions" />
		</Compiler>
		<Unit filename="Bomb.cpp" />
		<Unit filename="Bomb.h" />
		<Unit filename="CellBase.cpp" />
		<Unit filename="CellBase.h" />
		<Unit filename="Constantes.h" />
		<Unit filename="Digger.cpp" />
		<Unit filename="Digger.h" />
		<Unit filename="EmptyCell.cpp" />
		<Unit filename="EmptyCell.h" />
		<Unit filename="GameModel.cpp" />
		<Unit filename="GameModel.h" />
		<Unit filename="GameView.cpp">
			<Option target="Debug" />
			<Option target="Release" />
			<Option target="UnitTest" />
		</Unit>
		<Unit filename="GameView.h">
			<Option target="Debug" />
			<Option target="Release" />
			<Option target="UnitTest" />
		</Unit>
		<Unit filename="GameViewSFML.cpp">
			<Option target="SFMLMode" />
		</Unit>
		<Unit filename="GameViewSFML.h">
			<Option target="SFMLMode" />
		</Unit>
		<Unit filename="GoldCell.cpp" />
		<Unit filename="GoldCell.h" />
		<Unit filename="IntDecFunctor.cpp" />
		<Unit filename="IntDecFunctor.h" />
		<Unit filename="LanguageMessage.cpp" />
		<Unit filename="LanguageMessage.h" />
		<Unit filename="Level.cpp" />
		<Unit filename="Level.h" />
		<Unit filename="Score.cpp" />
		<Unit filename="Score.h" />
		<Unit filename="UnitTest/test.cpp">
			<Option target="UnitTest" />
		</Unit>
		<Unit filename="Utils.cpp" />
		<Unit filename="Utils.h" />
		<Unit filename="ValueCell.cpp" />
		<Unit filename="ValueCell.h" />
		<Unit filename="main.cpp">
			<Option target="Debug" />
			<Option target="Release" />
		</Unit>
		<Unit filename="mainSFML.cpp">
			<Option target="SFMLMode" />
		</Unit>
		<Extensions>
			<code_completion />
			<debugger />
		</Extensions>
	</Project>
</CodeBlocks_project_file>
