<?xml version="1.0" encoding="UTF-8" standalone="yes" ?>
<CodeBlocks_project_file>
	<FileVersion major="1" minor="6" />
	<Project>
		<Option title="PuruPuruDigger" />
		<Option pch_mode="2" />
		<Option compiler="gcc" />
		<Build>
			<Target title="Debug">
				<Option output="CodeBlocksCompilation/bin/Debug/PuruPuruDigger" prefix_auto="1" extension_auto="1" />
				<Option object_output="CodeBlocksCompilation/obj/Debug/" />
				<Option type="1" />
				<Option compiler="gcc" />
				<Compiler>
					<Add option="-g" />
				</Compiler>
				<Linker>
					<Add option="-lsfml-system" />
					<Add option="-lsfml-graphics" />
					<Add option="-lsfml-window" />
				</Linker>
			</Target>
			<Target title="Release">
				<Option output="CodeBlocksCompilation/bin/Release/PuruPuruDigger" prefix_auto="1" extension_auto="1" />
				<Option object_output="CodeBlocksCompilation/obj/Release/" />
				<Option type="1" />
				<Option compiler="gcc" />
				<Compiler>
					<Add option="-O2" />
				</Compiler>
				<Linker>
					<Add option="-s" />
					<Add option="-lsfml-system" />
					<Add option="-lsfml-graphics" />
					<Add option="-lsfml-window" />
				</Linker>
			</Target>
			<Target title="SFMLMode">
				<Option output="CodeBlocksCompilation/bin/SFML/PuruPuruDigger" prefix_auto="1" extension_auto="1" />
				<Option object_output="CodeBlocksCompilation/obj/SFML/" />
				<Option type="1" />
				<Option compiler="gcc" />
				<Option use_console_runner="0" />
				<Linker>
					<Add option="-lsfml-graphics" />
					<Add option="-lsfml-window" />
					<Add option="-lsfml-system" />
					<Add option="-lsfml-audio" />
				</Linker>
			</Target>
			<Target title="UnitTest">
				<Option output="PuruPuruDigger" prefix_auto="1" extension_auto="1" />
				<Option type="1" />
				<Option compiler="gcc" />
				<Linker>
					<Add library="boost_unit_test_framework" />
				</Linker>
			</Target>
		</Build>
		<Compiler>
			<Add option="-Wall" />
			<Add option="-fexceptions" />
		</Compiler>
		<Unit filename="Cell/Bomb.cpp">
			<Option target="SFMLMode" />
			<Option target="Debug" />
			<Option target="UnitTest" />
		</Unit>
		<Unit filename="Cell/Bomb.h">
			<Option target="SFMLMode" />
			<Option target="Debug" />
			<Option target="UnitTest" />
		</Unit>
		<Unit filename="Cell/CellBase.cpp">
			<Option target="SFMLMode" />
			<Option target="Debug" />
			<Option target="UnitTest" />
		</Unit>
		<Unit filename="Cell/CellBase.h">
			<Option target="SFMLMode" />
			<Option target="Debug" />
			<Option target="UnitTest" />
		</Unit>
		<Unit filename="Cell/Digger.cpp">
			<Option target="SFMLMode" />
			<Option target="Debug" />
			<Option target="UnitTest" />
		</Unit>
		<Unit filename="Cell/Digger.h">
			<Option target="SFMLMode" />
			<Option target="Debug" />
			<Option target="UnitTest" />
		</Unit>
		<Unit filename="Cell/EmptyCell.cpp">
			<Option target="SFMLMode" />
			<Option target="Debug" />
			<Option target="UnitTest" />
		</Unit>
		<Unit filename="Cell/EmptyCell.h">
			<Option target="SFMLMode" />
			<Option target="Debug" />
			<Option target="UnitTest" />
		</Unit>
		<Unit filename="Cell/GoldCell.cpp">
			<Option target="SFMLMode" />
			<Option target="Debug" />
			<Option target="UnitTest" />
		</Unit>
		<Unit filename="Cell/GoldCell.h">
			<Option target="SFMLMode" />
			<Option target="Debug" />
			<Option target="UnitTest" />
		</Unit>
		<Unit filename="Cell/ValueCell.cpp">
			<Option target="SFMLMode" />
			<Option target="Debug" />
			<Option target="UnitTest" />
		</Unit>
		<Unit filename="Cell/ValueCell.h">
			<Option target="SFMLMode" />
			<Option target="Debug" />
			<Option target="UnitTest" />
		</Unit>
		<Unit filename="Constantes.h" />
		<Unit filename="GameModel.cpp" />
		<Unit filename="GameModel.h" />
		<Unit filename="GameView.cpp">
			<Option target="Debug" />
			<Option target="Release" />
		</Unit>
		<Unit filename="GameView.h">
			<Option target="Debug" />
			<Option target="Release" />
		</Unit>
		<Unit filename="GameViewSFML.cpp">
			<Option target="SFMLMode" />
		</Unit>
		<Unit filename="GameViewSFML.h">
			<Option target="SFMLMode" />
		</Unit>
		<Unit filename="Graphics/AnanasSprite.cpp">
			<Option target="SFMLMode" />
		</Unit>
		<Unit filename="Graphics/AnanasSprite.h">
			<Option target="SFMLMode" />
		</Unit>
		<Unit filename="Graphics/BackgroundGraphic.cpp">
			<Option target="SFMLMode" />
		</Unit>
		<Unit filename="Graphics/BackgroundGraphic.h">
			<Option target="SFMLMode" />
		</Unit>
		<Unit filename="Graphics/BombGraphic.cpp">
			<Option target="SFMLMode" />
		</Unit>
		<Unit filename="Graphics/BombGraphic.h">
			<Option target="SFMLMode" />
		</Unit>
		<Unit filename="Graphics/ButtonGraphic.cpp">
			<Option target="SFMLMode" />
		</Unit>
		<Unit filename="Graphics/ButtonGraphic.h">
			<Option target="SFMLMode" />
		</Unit>
		<Unit filename="Graphics/CellBaseGraphic.cpp">
			<Option target="SFMLMode" />
		</Unit>
		<Unit filename="Graphics/CellBaseGraphic.h">
			<Option target="SFMLMode" />
		</Unit>
		<Unit filename="Graphics/CellTextGraphic.cpp">
			<Option target="SFMLMode" />
		</Unit>
		<Unit filename="Graphics/CellTextGraphic.h">
			<Option target="SFMLMode" />
		</Unit>
		<Unit filename="Graphics/DeutschGraphic.cpp">
			<Option target="SFMLMode" />
		</Unit>
		<Unit filename="Graphics/DeutschGraphic.h">
			<Option target="SFMLMode" />
		</Unit>
		<Unit filename="Graphics/DiggerGraphic.cpp">
			<Option target="SFMLMode" />
		</Unit>
		<Unit filename="Graphics/DiggerGraphic.h">
			<Option target="SFMLMode" />
		</Unit>
		<Unit filename="Graphics/EmptyGraphic.cpp">
			<Option target="SFMLMode" />
		</Unit>
		<Unit filename="Graphics/EmptyGraphic.h">
			<Option target="SFMLMode" />
		</Unit>
		<Unit filename="Graphics/EnglishGraphic.cpp">
			<Option target="SFMLMode" />
		</Unit>
		<Unit filename="Graphics/EnglishGraphic.h">
			<Option target="SFMLMode" />
		</Unit>
		<Unit filename="Graphics/FrenchGraphic.cpp">
			<Option target="SFMLMode" />
		</Unit>
		<Unit filename="Graphics/FrenchGraphic.h">
			<Option target="SFMLMode" />
		</Unit>
		<Unit filename="Graphics/GoldGraphic.cpp">
			<Option target="SFMLMode" />
		</Unit>
		<Unit filename="Graphics/GoldGraphic.h">
			<Option target="SFMLMode" />
		</Unit>
		<Unit filename="Graphics/GraphicAudibleElement.cpp">
			<Option target="SFMLMode" />
		</Unit>
		<Unit filename="Graphics/GraphicAudibleElement.h">
			<Option target="SFMLMode" />
		</Unit>
		<Unit filename="Graphics/GraphicElement.cpp">
			<Option target="SFMLMode" />
		</Unit>
		<Unit filename="Graphics/GraphicElement.h">
			<Option target="SFMLMode" />
		</Unit>
		<Unit filename="Graphics/GraphicMusic.cpp">
			<Option target="SFMLMode" />
		</Unit>
		<Unit filename="Graphics/GraphicMusic.h">
			<Option target="SFMLMode" />
		</Unit>
		<Unit filename="Graphics/GraphicSound.cpp">
			<Option target="SFMLMode" />
		</Unit>
		<Unit filename="Graphics/GraphicSound.h">
			<Option target="SFMLMode" />
		</Unit>
		<Unit filename="Graphics/ItalianoGraphic.cpp">
			<Option target="SFMLMode" />
		</Unit>
		<Unit filename="Graphics/ItalianoGraphic.h">
			<Option target="SFMLMode" />
		</Unit>
		<Unit filename="Graphics/LanguageGraphic.cpp">
			<Option target="SFMLMode" />
		</Unit>
		<Unit filename="Graphics/LanguageGraphic.h">
			<Option target="SFMLMode" />
		</Unit>
		<Unit filename="Graphics/SpanishGraphic.cpp">
			<Option target="SFMLMode" />
		</Unit>
		<Unit filename="Graphics/SpanishGraphic.h">
			<Option target="SFMLMode" />
		</Unit>
		<Unit filename="Graphics/SpriteGraphic.cpp">
			<Option target="SFMLMode" />
		</Unit>
		<Unit filename="Graphics/SpriteGraphic.h">
			<Option target="SFMLMode" />
		</Unit>
		<Unit filename="Graphics/TeacherSprite.cpp">
			<Option target="SFMLMode" />
		</Unit>
		<Unit filename="Graphics/TeacherSprite.h">
			<Option target="SFMLMode" />
		</Unit>
		<Unit filename="Graphics/ValueGraphic.cpp">
			<Option target="SFMLMode" />
		</Unit>
		<Unit filename="Graphics/ValueGraphic.h">
			<Option target="SFMLMode" />
		</Unit>
		<Unit filename="IntDecFunctor.cpp" />
		<Unit filename="IntDecFunctor.h" />
		<Unit filename="LanguageMessage.cpp" />
		<Unit filename="LanguageMessage.h" />
		<Unit filename="Level.cpp" />
		<Unit filename="Level.h" />
		<Unit filename="Manager/SoundManager.cpp">
			<Option target="SFMLMode" />
		</Unit>
		<Unit filename="Manager/SoundManager.h">
			<Option target="SFMLMode" />
		</Unit>
		<Unit filename="Observers/EventDispatcher.cpp">
			<Option target="SFMLMode" />
		</Unit>
		<Unit filename="Observers/EventDispatcher.h">
			<Option target="SFMLMode" />
		</Unit>
		<Unit filename="Observers/EventObservable.cpp">
			<Option target="SFMLMode" />
		</Unit>
		<Unit filename="Observers/EventObservable.h">
			<Option target="SFMLMode" />
		</Unit>
		<Unit filename="Observers/EventObserver.cpp">
			<Option target="SFMLMode" />
		</Unit>
		<Unit filename="Observers/EventObserver.h">
			<Option target="SFMLMode" />
		</Unit>
		<Unit filename="Observers/InterfaceObserver.cpp">
			<Option target="SFMLMode" />
		</Unit>
		<Unit filename="Observers/InterfaceObserver.h">
			<Option target="SFMLMode" />
		</Unit>
		<Unit filename="PuruContext.cpp">
			<Option target="SFMLMode" />
			<Option target="Debug" />
			<Option target="UnitTest" />
		</Unit>
		<Unit filename="PuruContext.h">
			<Option target="SFMLMode" />
			<Option target="Debug" />
			<Option target="UnitTest" />
		</Unit>
		<Unit filename="Score.cpp" />
		<Unit filename="Score.h" />
		<Unit filename="UnitTest/test.cpp">
			<Option target="UnitTest" />
		</Unit>
		<Unit filename="Utils.cpp" />
		<Unit filename="Utils.h" />
		<Unit filename="main.cpp">
			<Option target="Debug" />
			<Option target="Release" />
		</Unit>
		<Unit filename="mainSFML.cpp">
			<Option target="SFMLMode" />
		</Unit>
		<Extensions>
			<code_completion />
			<debugger />
		</Extensions>
	</Project>
</CodeBlocks_project_file>
